
Microsoft Visual Studio Solution File, Format Version 12.00
# Visual Studio Version 16
VisualStudioVersion = 16.0.30011.22
MinimumVisualStudioVersion = 10.0.40219.1
Project("{FAE04EC0-301F-11D3-BF4B-00C04F79EFBC}") = "Filosofos", "Filosofos\Filosofos.csproj", "{7C5E570D-D8DF-427E-B6AE-D335194A0321}"
EndProject
Global
	GlobalSection(SolutionConfigurationPlatforms) = preSolution
		Debug|Any CPU = Debug|Any CPU
		Release|Any CPU = Release|Any CPU
	EndGlobalSection
	GlobalSection(ProjectConfigurationPlatforms) = postSolution
		{7C5E570D-D8DF-427E-B6AE-D335194A0321}.Debug|Any CPU.ActiveCfg = Debug|Any CPU
		{7C5E570D-D8DF-427E-B6AE-D335194A0321}.Debug|Any CPU.Build.0 = Debug|Any CPU
		{7C5E570D-D8DF-427E-B6AE-D335194A0321}.Release|Any CPU.ActiveCfg = Release|Any CPU
		{7C5E570D-D8DF-427E-B6AE-D335194A0321}.Release|Any CPU.Build.0 = Release|Any CPU
	EndGlobalSection
	GlobalSection(SolutionProperties) = preSolution
		HideSolutionNode = FALSE
	EndGlobalSection
	GlobalSection(ExtensibilityGlobals) = postSolution
		SolutionGuid = {CF1A8B23-8031-4908-9CD1-CFE3BFE9510D}
	EndGlobalSection
EndGlobal
